
Microsoft Visual Studio Solution File, Format Version 12.00
Project("{FAE04EC0-301F-11D3-BF4B-00C04F79EFBC}") = "FootballerCatalog", "FootballerCatalog\FootballerCatalog.csproj", "{624E9A08-721C-4029-B963-D703D46E38D0}"
EndProject
Global
	GlobalSection(SolutionConfigurationPlatforms) = preSolution
		Debug|Any CPU = Debug|Any CPU
		Release|Any CPU = Release|Any CPU
	EndGlobalSection
	GlobalSection(ProjectConfigurationPlatforms) = postSolution
		{624E9A08-721C-4029-B963-D703D46E38D0}.Debug|Any CPU.ActiveCfg = Debug|Any CPU
		{624E9A08-721C-4029-B963-D703D46E38D0}.Debug|Any CPU.Build.0 = Debug|Any CPU
		{624E9A08-721C-4029-B963-D703D46E38D0}.Release|Any CPU.ActiveCfg = Release|Any CPU
		{624E9A08-721C-4029-B963-D703D46E38D0}.Release|Any CPU.Build.0 = Release|Any CPU
	EndGlobalSection
EndGlobal
